// !$*UTF8*$!
{
	archiveVersion = 1;
	classes = {
	};
	objectVersion = 46;
	objects = {

/* Begin PBXFileReference section */
		8958C8321483BDAD00AFE450 /* Functions.R */ = {isa = PBXFileReference; lastKnownFileType = sourcecode.rez; path = Functions.R; sourceTree = "<group>"; xcLanguageSpecificationIdentifier = xcode.lang.python; };
		8958C8331483BFF200AFE450 /* DrawProfilesAroundTSS.R */ = {isa = PBXFileReference; lastKnownFileType = sourcecode.rez; path = DrawProfilesAroundTSS.R; sourceTree = "<group>"; xcLanguageSpecificationIdentifier = xcode.lang.python; };
		896902B514890C00009AAB04 /* GeneAnnotationStatistics */ = {isa = PBXFileReference; lastKnownFileType = text; path = GeneAnnotationStatistics; sourceTree = "<group>"; xcLanguageSpecificationIdentifier = xcode.lang.ruby; };
		89F482A11487F2D90097C7D1 /* ProfileFunctions.R */ = {isa = PBXFileReference; lastKnownFileType = sourcecode.rez; path = ProfileFunctions.R; sourceTree = "<group>"; xcLanguageSpecificationIdentifier = xcode.lang.python; };
/* End PBXFileReference section */

/* Begin PBXGroup section */
		8958C8291483BC3500AFE450 = {
			isa = PBXGroup;
			children = (
				8958C8321483BDAD00AFE450 /* Functions.R */,
				89F482A11487F2D90097C7D1 /* ProfileFunctions.R */,
				8958C8331483BFF200AFE450 /* DrawProfilesAroundTSS.R */,
				896902B514890C00009AAB04 /* GeneAnnotationStatistics */,
			);
			sourceTree = "<group>";
		};
/* End PBXGroup section */

/* Begin PBXProject section */
		8958C82B1483BC3500AFE450 /* Project object */ = {
			isa = PBXProject;
			attributes = {
				LastUpgradeCheck = 0420;
			};
			buildConfigurationList = 8958C82E1483BC3500AFE450 /* Build configuration list for PBXProject "Substitute Histone Chip Seq" */;
			compatibilityVersion = "Xcode 3.2";
			developmentRegion = English;
			hasScannedForEncodings = 0;
			knownRegions = (
				en,
			);
			mainGroup = 8958C8291483BC3500AFE450;
			projectDirPath = "";
			projectRoot = "";
			targets = (
			);
		};
/* End PBXProject section */

/* Begin XCBuildConfiguration section */
		8958C8301483BC3600AFE450 /* Debug */ = {
			isa = XCBuildConfiguration;
			buildSettings = {
			};
			name = Debug;
		};
		8958C8311483BC3600AFE450 /* Release */ = {
			isa = XCBuildConfiguration;
			buildSettings = {
			};
			name = Release;
		};
/* End XCBuildConfiguration section */

/* Begin XCConfigurationList section */
		8958C82E1483BC3500AFE450 /* Build configuration list for PBXProject "Substitute Histone Chip Seq" */ = {
			isa = XCConfigurationList;
			buildConfigurations = (
				8958C8301483BC3600AFE450 /* Debug */,
				8958C8311483BC3600AFE450 /* Release */,
			);
			defaultConfigurationIsVisible = 0;
			defaultConfigurationName = Release;
		};
/* End XCConfigurationList section */
	};
	rootObject = 8958C82B1483BC3500AFE450 /* Project object */;
}
